
Microsoft Visual Studio Solution File, Format Version 12.00
# Visual Studio Version 17
VisualStudioVersion = 17.14.36327.8 d17.14
MinimumVisualStudioVersion = 10.0.40219.1
Project("{FAE04EC0-301F-11D3-BF4B-00C04F79EFBC}") = "Observer", "Observer\Observer.csproj", "{136C54E1-7F73-43C4-A8E1-6A3E2570D1C3}"
EndProject
Global
	GlobalSection(SolutionConfigurationPlatforms) = preSolution
		Debug|Any CPU = Debug|Any CPU
		Release|Any CPU = Release|Any CPU
	EndGlobalSection
	GlobalSection(ProjectConfigurationPlatforms) = postSolution
		{136C54E1-7F73-43C4-A8E1-6A3E2570D1C3}.Debug|Any CPU.ActiveCfg = Debug|Any CPU
		{136C54E1-7F73-43C4-A8E1-6A3E2570D1C3}.Debug|Any CPU.Build.0 = Debug|Any CPU
		{136C54E1-7F73-43C4-A8E1-6A3E2570D1C3}.Release|Any CPU.ActiveCfg = Release|Any CPU
		{136C54E1-7F73-43C4-A8E1-6A3E2570D1C3}.Release|Any CPU.Build.0 = Release|Any CPU
	EndGlobalSection
	GlobalSection(SolutionProperties) = preSolution
		HideSolutionNode = FALSE
	EndGlobalSection
	GlobalSection(ExtensibilityGlobals) = postSolution
		SolutionGuid = {AFA6EB35-DEE4-4FE3-9A24-DC334B5D5506}
	EndGlobalSection
EndGlobal
