
Microsoft Visual Studio Solution File, Format Version 12.00
# Visual Studio Version 17
VisualStudioVersion = 17.14.36327.8 d17.14
MinimumVisualStudioVersion = 10.0.40219.1
Project("{FAE04EC0-301F-11D3-BF4B-00C04F79EFBC}") = "Repository", "Repository\Repository.csproj", "{6A41D0E5-E378-46AF-8CB3-F77DA2A86ACE}"
EndProject
Global
	GlobalSection(SolutionConfigurationPlatforms) = preSolution
		Debug|Any CPU = Debug|Any CPU
		Release|Any CPU = Release|Any CPU
	EndGlobalSection
	GlobalSection(ProjectConfigurationPlatforms) = postSolution
		{6A41D0E5-E378-46AF-8CB3-F77DA2A86ACE}.Debug|Any CPU.ActiveCfg = Debug|Any CPU
		{6A41D0E5-E378-46AF-8CB3-F77DA2A86ACE}.Debug|Any CPU.Build.0 = Debug|Any CPU
		{6A41D0E5-E378-46AF-8CB3-F77DA2A86ACE}.Release|Any CPU.ActiveCfg = Release|Any CPU
		{6A41D0E5-E378-46AF-8CB3-F77DA2A86ACE}.Release|Any CPU.Build.0 = Release|Any CPU
	EndGlobalSection
	GlobalSection(SolutionProperties) = preSolution
		HideSolutionNode = FALSE
	EndGlobalSection
	GlobalSection(ExtensibilityGlobals) = postSolution
		SolutionGuid = {FECFD927-5CA7-4FA5-AC45-A336BC01492C}
	EndGlobalSection
EndGlobal
